
Microsoft Visual Studio Solution File, Format Version 12.00
# Visual Studio Version 17
VisualStudioVersion = 17.7.34031.279
MinimumVisualStudioVersion = 10.0.40219.1
Project("{888888A0-9F3D-457C-B088-3A5042F75D52}") = "novella,", "novella,\novella,.pyproj", "{0088744A-4C90-4394-8A65-BF8112010C94}"
EndProject
Global
	GlobalSection(SolutionConfigurationPlatforms) = preSolution
		Debug|Any CPU = Debug|Any CPU
		Release|Any CPU = Release|Any CPU
	EndGlobalSection
	GlobalSection(ProjectConfigurationPlatforms) = postSolution
		{0088744A-4C90-4394-8A65-BF8112010C94}.Debug|Any CPU.ActiveCfg = Debug|Any CPU
		{0088744A-4C90-4394-8A65-BF8112010C94}.Release|Any CPU.ActiveCfg = Release|Any CPU
	EndGlobalSection
	GlobalSection(SolutionProperties) = preSolution
		HideSolutionNode = FALSE
	EndGlobalSection
	GlobalSection(ExtensibilityGlobals) = postSolution
		SolutionGuid = {7A2856FC-D0BB-4804-BEC1-9A7317DFA7A7}
	EndGlobalSection
EndGlobal
